// !$*UTF8*$!
{
	archiveVersion = 1;
	classes = {
	};
	objectVersion = 50;
	objects = {

/* Begin PBXBuildFile section */
		4012069722FC1ACB00162A7C /* AppDelegate.swift in Sources */ = {isa = PBXBuildFile; fileRef = 4012069622FC1ACB00162A7C /* AppDelegate.swift */; };
		4012069922FC1ACB00162A7C /* PuzzleViewController.swift in Sources */ = {isa = PBXBuildFile; fileRef = 4012069822FC1ACB00162A7C /* PuzzleViewController.swift */; };
		4012069C22FC1ACB00162A7C /* Main.storyboard in Resources */ = {isa = PBXBuildFile; fileRef = 4012069A22FC1ACB00162A7C /* Main.storyboard */; };
		4012069E22FC1ACC00162A7C /* Assets.xcassets in Resources */ = {isa = PBXBuildFile; fileRef = 4012069D22FC1ACC00162A7C /* Assets.xcassets */; };
		401206A122FC1ACC00162A7C /* LaunchScreen.storyboard in Resources */ = {isa = PBXBuildFile; fileRef = 4012069F22FC1ACC00162A7C /* LaunchScreen.storyboard */; };
		401206A922FC1B1100162A7C /* TileView.swift in Sources */ = {isa = PBXBuildFile; fileRef = 401206A822FC1B1100162A7C /* TileView.swift */; };
		401206AB22FC217A00162A7C /* PuzzleView.swift in Sources */ = {isa = PBXBuildFile; fileRef = 401206AA22FC217A00162A7C /* PuzzleView.swift */; };
		4051408E2301593A00C0EC0D /* State.swift in Sources */ = {isa = PBXBuildFile; fileRef = 4051408D2301593A00C0EC0D /* State.swift */; };
		408732CA2302A69400E6D272 /* SearchViewController.swift in Sources */ = {isa = PBXBuildFile; fileRef = 408732C92302A69400E6D272 /* SearchViewController.swift */; };
		408732CE2302E10800E6D272 /* AntColonyViewController.swift in Sources */ = {isa = PBXBuildFile; fileRef = 408732CD2302E10800E6D272 /* AntColonyViewController.swift */; };
		408732D02302E12E00E6D272 /* AITasksViewController.swift in Sources */ = {isa = PBXBuildFile; fileRef = 408732CF2302E12E00E6D272 /* AITasksViewController.swift */; };
		408732D22302EBBD00E6D272 /* PointsView.swift in Sources */ = {isa = PBXBuildFile; fileRef = 408732D12302EBBD00E6D272 /* PointsView.swift */; };
		408732D42303FF7C00E6D272 /* Ant.swift in Sources */ = {isa = PBXBuildFile; fileRef = 408732D32303FF7C00E6D272 /* Ant.swift */; };
/* End PBXBuildFile section */

/* Begin PBXFileReference section */
		4012069322FC1ACB00162A7C /* Slagalica.app */ = {isa = PBXFileReference; explicitFileType = wrapper.application; includeInIndex = 0; path = Slagalica.app; sourceTree = BUILT_PRODUCTS_DIR; };
		4012069622FC1ACB00162A7C /* AppDelegate.swift */ = {isa = PBXFileReference; lastKnownFileType = sourcecode.swift; path = AppDelegate.swift; sourceTree = "<group>"; };
		4012069822FC1ACB00162A7C /* PuzzleViewController.swift */ = {isa = PBXFileReference; lastKnownFileType = sourcecode.swift; path = PuzzleViewController.swift; sourceTree = "<group>"; };
		4012069B22FC1ACB00162A7C /* Base */ = {isa = PBXFileReference; lastKnownFileType = file.storyboard; name = Base; path = Base.lproj/Main.storyboard; sourceTree = "<group>"; };
		4012069D22FC1ACC00162A7C /* Assets.xcassets */ = {isa = PBXFileReference; lastKnownFileType = folder.assetcatalog; path = Assets.xcassets; sourceTree = "<group>"; };
		401206A022FC1ACC00162A7C /* Base */ = {isa = PBXFileReference; lastKnownFileType = file.storyboard; name = Base; path = Base.lproj/LaunchScreen.storyboard; sourceTree = "<group>"; };
		401206A222FC1ACC00162A7C /* Info.plist */ = {isa = PBXFileReference; lastKnownFileType = text.plist.xml; path = Info.plist; sourceTree = "<group>"; };
		401206A822FC1B1100162A7C /* TileView.swift */ = {isa = PBXFileReference; lastKnownFileType = sourcecode.swift; path = TileView.swift; sourceTree = "<group>"; };
		401206AA22FC217A00162A7C /* PuzzleView.swift */ = {isa = PBXFileReference; lastKnownFileType = sourcecode.swift; path = PuzzleView.swift; sourceTree = "<group>"; };
		4051408D2301593A00C0EC0D /* State.swift */ = {isa = PBXFileReference; lastKnownFileType = sourcecode.swift; path = State.swift; sourceTree = "<group>"; };
		408732C92302A69400E6D272 /* SearchViewController.swift */ = {isa = PBXFileReference; lastKnownFileType = sourcecode.swift; path = SearchViewController.swift; sourceTree = "<group>"; };
		408732CD2302E10800E6D272 /* AntColonyViewController.swift */ = {isa = PBXFileReference; lastKnownFileType = sourcecode.swift; path = AntColonyViewController.swift; sourceTree = "<group>"; };
		408732CF2302E12E00E6D272 /* AITasksViewController.swift */ = {isa = PBXFileReference; lastKnownFileType = sourcecode.swift; path = AITasksViewController.swift; sourceTree = "<group>"; };
		408732D12302EBBD00E6D272 /* PointsView.swift */ = {isa = PBXFileReference; lastKnownFileType = sourcecode.swift; path = PointsView.swift; sourceTree = "<group>"; };
		408732D32303FF7C00E6D272 /* Ant.swift */ = {isa = PBXFileReference; lastKnownFileType = sourcecode.swift; path = Ant.swift; sourceTree = "<group>"; };
/* End PBXFileReference section */

/* Begin PBXFrameworksBuildPhase section */
		4012069022FC1ACB00162A7C /* Frameworks */ = {
			isa = PBXFrameworksBuildPhase;
			buildActionMask = 2147483647;
			files = (
			);
			runOnlyForDeploymentPostprocessing = 0;
		};
/* End PBXFrameworksBuildPhase section */

/* Begin PBXGroup section */
		4012068A22FC1ACB00162A7C = {
			isa = PBXGroup;
			children = (
				4012069522FC1ACB00162A7C /* Slagalica */,
				4012069422FC1ACB00162A7C /* Products */,
			);
			sourceTree = "<group>";
		};
		4012069422FC1ACB00162A7C /* Products */ = {
			isa = PBXGroup;
			children = (
				4012069322FC1ACB00162A7C /* Slagalica.app */,
			);
			name = Products;
			sourceTree = "<group>";
		};
		4012069522FC1ACB00162A7C /* Slagalica */ = {
			isa = PBXGroup;
			children = (
				4012069622FC1ACB00162A7C /* AppDelegate.swift */,
				4012069A22FC1ACB00162A7C /* Main.storyboard */,
				408732CF2302E12E00E6D272 /* AITasksViewController.swift */,
				408732CC2302E0E900E6D272 /* Ant colony */,
				408732CB2302E0E400E6D272 /* Puzzle */,
				4012069D22FC1ACC00162A7C /* Assets.xcassets */,
				4012069F22FC1ACC00162A7C /* LaunchScreen.storyboard */,
				401206A222FC1ACC00162A7C /* Info.plist */,
			);
			path = Slagalica;
			sourceTree = "<group>";
		};
		408732CB2302E0E400E6D272 /* Puzzle */ = {
			isa = PBXGroup;
			children = (
				4012069822FC1ACB00162A7C /* PuzzleViewController.swift */,
				408732C92302A69400E6D272 /* SearchViewController.swift */,
				401206AA22FC217A00162A7C /* PuzzleView.swift */,
				401206A822FC1B1100162A7C /* TileView.swift */,
				4051408D2301593A00C0EC0D /* State.swift */,
			);
			path = Puzzle;
			sourceTree = "<group>";
		};
		408732CC2302E0E900E6D272 /* Ant colony */ = {
			isa = PBXGroup;
			children = (
				408732CD2302E10800E6D272 /* AntColonyViewController.swift */,
				408732D12302EBBD00E6D272 /* PointsView.swift */,
				408732D32303FF7C00E6D272 /* Ant.swift */,
			);
			path = "Ant colony";
			sourceTree = "<group>";
		};
/* End PBXGroup section */

/* Begin PBXNativeTarget section */
		4012069222FC1ACB00162A7C /* Slagalica */ = {
			isa = PBXNativeTarget;
			buildConfigurationList = 401206A522FC1ACC00162A7C /* Build configuration list for PBXNativeTarget "Slagalica" */;
			buildPhases = (
				4012068F22FC1ACB00162A7C /* Sources */,
				4012069022FC1ACB00162A7C /* Frameworks */,
				4012069122FC1ACB00162A7C /* Resources */,
			);
			buildRules = (
			);
			dependencies = (
			);
			name = Slagalica;
			productName = Slagalica;
			productReference = 4012069322FC1ACB00162A7C /* Slagalica.app */;
			productType = "com.apple.product-type.application";
		};
/* End PBXNativeTarget section */

/* Begin PBXProject section */
		4012068B22FC1ACB00162A7C /* Project object */ = {
			isa = PBXProject;
			attributes = {
				LastSwiftUpdateCheck = 1030;
				LastUpgradeCheck = 1030;
				ORGANIZATIONNAME = ialmer;
				TargetAttributes = {
					4012069222FC1ACB00162A7C = {
						CreatedOnToolsVersion = 10.3;
					};
				};
			};
			buildConfigurationList = 4012068E22FC1ACB00162A7C /* Build configuration list for PBXProject "Slagalica" */;
			compatibilityVersion = "Xcode 9.3";
			developmentRegion = en;
			hasScannedForEncodings = 0;
			knownRegions = (
				en,
				Base,
			);
			mainGroup = 4012068A22FC1ACB00162A7C;
			productRefGroup = 4012069422FC1ACB00162A7C /* Products */;
			projectDirPath = "";
			projectRoot = "";
			targets = (
				4012069222FC1ACB00162A7C /* Slagalica */,
			);
		};
/* End PBXProject section */

/* Begin PBXResourcesBuildPhase section */
		4012069122FC1ACB00162A7C /* Resources */ = {
			isa = PBXResourcesBuildPhase;
			buildActionMask = 2147483647;
			files = (
				401206A122FC1ACC00162A7C /* LaunchScreen.storyboard in Resources */,
				4012069E22FC1ACC00162A7C /* Assets.xcassets in Resources */,
				4012069C22FC1ACB00162A7C /* Main.storyboard in Resources */,
			);
			runOnlyForDeploymentPostprocessing = 0;
		};
/* End PBXResourcesBuildPhase section */

/* Begin PBXSourcesBuildPhase section */
		4012068F22FC1ACB00162A7C /* Sources */ = {
			isa = PBXSourcesBuildPhase;
			buildActionMask = 2147483647;
			files = (
				408732CE2302E10800E6D272 /* AntColonyViewController.swift in Sources */,
				408732CA2302A69400E6D272 /* SearchViewController.swift in Sources */,
				408732D22302EBBD00E6D272 /* PointsView.swift in Sources */,
				408732D42303FF7C00E6D272 /* Ant.swift in Sources */,
				401206AB22FC217A00162A7C /* PuzzleView.swift in Sources */,
				4012069922FC1ACB00162A7C /* PuzzleViewController.swift in Sources */,
				401206A922FC1B1100162A7C /* TileView.swift in Sources */,
				408732D02302E12E00E6D272 /* AITasksViewController.swift in Sources */,
				4051408E2301593A00C0EC0D /* State.swift in Sources */,
				4012069722FC1ACB00162A7C /* AppDelegate.swift in Sources */,
			);
			runOnlyForDeploymentPostprocessing = 0;
		};
/* End PBXSourcesBuildPhase section */

/* Begin PBXVariantGroup section */
		4012069A22FC1ACB00162A7C /* Main.storyboard */ = {
			isa = PBXVariantGroup;
			children = (
				4012069B22FC1ACB00162A7C /* Base */,
			);
			name = Main.storyboard;
			sourceTree = "<group>";
		};
		4012069F22FC1ACC00162A7C /* LaunchScreen.storyboard */ = {
			isa = PBXVariantGroup;
			children = (
				401206A022FC1ACC00162A7C /* Base */,
			);
			name = LaunchScreen.storyboard;
			sourceTree = "<group>";
		};
/* End PBXVariantGroup section */

/* Begin XCBuildConfiguration section */
		401206A322FC1ACC00162A7C /* Debug */ = {
			isa = XCBuildConfiguration;
			buildSettings = {
				ALWAYS_SEARCH_USER_PATHS = NO;
				CLANG_ANALYZER_NONNULL = YES;
				CLANG_ANALYZER_NUMBER_OBJECT_CONVERSION = YES_AGGRESSIVE;
				CLANG_CXX_LANGUAGE_STANDARD = "gnu++14";
				CLANG_CXX_LIBRARY = "libc++";
				CLANG_ENABLE_MODULES = YES;
				CLANG_ENABLE_OBJC_ARC = YES;
				CLANG_ENABLE_OBJC_WEAK = YES;
				CLANG_WARN_BLOCK_CAPTURE_AUTORELEASING = YES;
				CLANG_WARN_BOOL_CONVERSION = YES;
				CLANG_WARN_COMMA = YES;
				CLANG_WARN_CONSTANT_CONVERSION = YES;
				CLANG_WARN_DEPRECATED_OBJC_IMPLEMENTATIONS = YES;
				CLANG_WARN_DIRECT_OBJC_ISA_USAGE = YES_ERROR;
				CLANG_WARN_DOCUMENTATION_COMMENTS = YES;
				CLANG_WARN_EMPTY_BODY = YES;
				CLANG_WARN_ENUM_CONVERSION = YES;
				CLANG_WARN_INFINITE_RECURSION = YES;
				CLANG_WARN_INT_CONVERSION = YES;
				CLANG_WARN_NON_LITERAL_NULL_CONVERSION = YES;
				CLANG_WARN_OBJC_IMPLICIT_RETAIN_SELF = YES;
				CLANG_WARN_OBJC_LITERAL_CONVERSION = YES;
				CLANG_WARN_OBJC_ROOT_CLASS = YES_ERROR;
				CLANG_WARN_RANGE_LOOP_ANALYSIS = YES;
				CLANG_WARN_STRICT_PROTOTYPES = YES;
				CLANG_WARN_SUSPICIOUS_MOVE = YES;
				CLANG_WARN_UNGUARDED_AVAILABILITY = YES_AGGRESSIVE;
				CLANG_WARN_UNREACHABLE_CODE = YES;
				CLANG_WARN__DUPLICATE_METHOD_MATCH = YES;
				CODE_SIGN_IDENTITY = "iPhone Developer";
				COPY_PHASE_STRIP = NO;
				DEBUG_INFORMATION_FORMAT = dwarf;
				ENABLE_STRICT_OBJC_MSGSEND = YES;
				ENABLE_TESTABILITY = YES;
				GCC_C_LANGUAGE_STANDARD = gnu11;
				GCC_DYNAMIC_NO_PIC = NO;
				GCC_NO_COMMON_BLOCKS = YES;
				GCC_OPTIMIZATION_LEVEL = 0;
				GCC_PREPROCESSOR_DEFINITIONS = (
					"DEBUG=1",
					"$(inherited)",
				);
				GCC_WARN_64_TO_32_BIT_CONVERSION = YES;
				GCC_WARN_ABOUT_RETURN_TYPE = YES_ERROR;
				GCC_WARN_UNDECLARED_SELECTOR = YES;
				GCC_WARN_UNINITIALIZED_AUTOS = YES_AGGRESSIVE;
				GCC_WARN_UNUSED_FUNCTION = YES;
				GCC_WARN_UNUSED_VARIABLE = YES;
				IPHONEOS_DEPLOYMENT_TARGET = 12.4;
				MTL_ENABLE_DEBUG_INFO = INCLUDE_SOURCE;
				MTL_FAST_MATH = YES;
				ONLY_ACTIVE_ARCH = YES;
				SDKROOT = iphoneos;
				SWIFT_ACTIVE_COMPILATION_CONDITIONS = DEBUG;
				SWIFT_OPTIMIZATION_LEVEL = "-Onone";
			};
			name = Debug;
		};
		401206A422FC1ACC00162A7C /* Release */ = {
			isa = XCBuildConfiguration;
			buildSettings = {
				ALWAYS_SEARCH_USER_PATHS = NO;
				CLANG_ANALYZER_NONNULL = YES;
				CLANG_ANALYZER_NUMBER_OBJECT_CONVERSION = YES_AGGRESSIVE;
				CLANG_CXX_LANGUAGE_STANDARD = "gnu++14";
				CLANG_CXX_LIBRARY = "libc++";
				CLANG_ENABLE_MODULES = YES;
				CLANG_ENABLE_OBJC_ARC = YES;
				CLANG_ENABLE_OBJC_WEAK = YES;
				CLANG_WARN_BLOCK_CAPTURE_AUTORELEASING = YES;
				CLANG_WARN_BOOL_CONVERSION = YES;
				CLANG_WARN_COMMA = YES;
				CLANG_WARN_CONSTANT_CONVERSION = YES;
				CLANG_WARN_DEPRECATED_OBJC_IMPLEMENTATIONS = YES;
				CLANG_WARN_DIRECT_OBJC_ISA_USAGE = YES_ERROR;
				CLANG_WARN_DOCUMENTATION_COMMENTS = YES;
				CLANG_WARN_EMPTY_BODY = YES;
				CLANG_WARN_ENUM_CONVERSION = YES;
				CLANG_WARN_INFINITE_RECURSION = YES;
				CLANG_WARN_INT_CONVERSION = YES;
				CLANG_WARN_NON_LITERAL_NULL_CONVERSION = YES;
				CLANG_WARN_OBJC_IMPLICIT_RETAIN_SELF = YES;
				CLANG_WARN_OBJC_LITERAL_CONVERSION = YES;
				CLANG_WARN_OBJC_ROOT_CLASS = YES_ERROR;
				CLANG_WARN_RANGE_LOOP_ANALYSIS = YES;
				CLANG_WARN_STRICT_PROTOTYPES = YES;
				CLANG_WARN_SUSPICIOUS_MOVE = YES;
				CLANG_WARN_UNGUARDED_AVAILABILITY = YES_AGGRESSIVE;
				CLANG_WARN_UNREACHABLE_CODE = YES;
				CLANG_WARN__DUPLICATE_METHOD_MATCH = YES;
				CODE_SIGN_IDENTITY = "iPhone Developer";
				COPY_PHASE_STRIP = NO;
				DEBUG_INFORMATION_FORMAT = "dwarf-with-dsym";
				ENABLE_NS_ASSERTIONS = NO;
				ENABLE_STRICT_OBJC_MSGSEND = YES;
				GCC_C_LANGUAGE_STANDARD = gnu11;
				GCC_NO_COMMON_BLOCKS = YES;
				GCC_WARN_64_TO_32_BIT_CONVERSION = YES;
				GCC_WARN_ABOUT_RETURN_TYPE = YES_ERROR;
				GCC_WARN_UNDECLARED_SELECTOR = YES;
				GCC_WARN_UNINITIALIZED_AUTOS = YES_AGGRESSIVE;
				GCC_WARN_UNUSED_FUNCTION = YES;
				GCC_WARN_UNUSED_VARIABLE = YES;
				IPHONEOS_DEPLOYMENT_TARGET = 12.4;
				MTL_ENABLE_DEBUG_INFO = NO;
				MTL_FAST_MATH = YES;
				SDKROOT = iphoneos;
				SWIFT_COMPILATION_MODE = wholemodule;
				SWIFT_OPTIMIZATION_LEVEL = "-O";
				VALIDATE_PRODUCT = YES;
			};
			name = Release;
		};
		401206A622FC1ACC00162A7C /* Debug */ = {
			isa = XCBuildConfiguration;
			buildSettings = {
				ASSETCATALOG_COMPILER_APPICON_NAME = AppIcon;
				CODE_SIGN_STYLE = Automatic;
				DEVELOPMENT_TEAM = R247WL96R8;
				INFOPLIST_FILE = Slagalica/Info.plist;
				LD_RUNPATH_SEARCH_PATHS = (
					"$(inherited)",
					"@executable_path/Frameworks",
				);
				PRODUCT_BUNDLE_IDENTIFIER = com.ialmer.Slagalica;
				PRODUCT_NAME = "$(TARGET_NAME)";
				SWIFT_VERSION = 5.0;
				TARGETED_DEVICE_FAMILY = "1,2";
			};
			name = Debug;
		};
		401206A722FC1ACC00162A7C /* Release */ = {
			isa = XCBuildConfiguration;
			buildSettings = {
				ASSETCATALOG_COMPILER_APPICON_NAME = AppIcon;
				CODE_SIGN_STYLE = Automatic;
				DEVELOPMENT_TEAM = R247WL96R8;
				INFOPLIST_FILE = Slagalica/Info.plist;
				LD_RUNPATH_SEARCH_PATHS = (
					"$(inherited)",
					"@executable_path/Frameworks",
				);
				PRODUCT_BUNDLE_IDENTIFIER = com.ialmer.Slagalica;
				PRODUCT_NAME = "$(TARGET_NAME)";
				SWIFT_VERSION = 5.0;
				TARGETED_DEVICE_FAMILY = "1,2";
			};
			name = Release;
		};
/* End XCBuildConfiguration section */

/* Begin XCConfigurationList section */
		4012068E22FC1ACB00162A7C /* Build configuration list for PBXProject "Slagalica" */ = {
			isa = XCConfigurationList;
			buildConfigurations = (
				401206A322FC1ACC00162A7C /* Debug */,
				401206A422FC1ACC00162A7C /* Release */,
			);
			defaultConfigurationIsVisible = 0;
			defaultConfigurationName = Release;
		};
		401206A522FC1ACC00162A7C /* Build configuration list for PBXNativeTarget "Slagalica" */ = {
			isa = XCConfigurationList;
			buildConfigurations = (
				401206A622FC1ACC00162A7C /* Debug */,
				401206A722FC1ACC00162A7C /* Release */,
			);
			defaultConfigurationIsVisible = 0;
			defaultConfigurationName = Release;
		};
/* End XCConfigurationList section */
	};
	rootObject = 4012068B22FC1ACB00162A7C /* Project object */;
}
